
Microsoft Visual Studio Solution File, Format Version 12.00
# Visual Studio Version 17
VisualStudioVersion = 17.5.33530.505
MinimumVisualStudioVersion = 10.0.40219.1
Project("{9A19103F-16F7-4668-BE54-9A1E7A4F7556}") = "AskAgainApi", "AskAgainApi.csproj", "{C1E52E6C-37E2-4203-B042-8CCDA2AB743D}"
EndProject
Project("{2150E333-8FDC-42A3-9474-1A3956D46DE8}") = "Solution Items", "Solution Items", "{4B872CE9-E2B2-41DE-BA2F-97F138E874AC}"
	ProjectSection(SolutionItems) = preProject
		.editorconfig = .editorconfig
	EndProjectSection
EndProject
Global
	GlobalSection(SolutionConfigurationPlatforms) = preSolution
		Debug|Any CPU = Debug|Any CPU
		Release|Any CPU = Release|Any CPU
	EndGlobalSection
	GlobalSection(ProjectConfigurationPlatforms) = postSolution
		{C1E52E6C-37E2-4203-B042-8CCDA2AB743D}.Debug|Any CPU.ActiveCfg = Debug|Any CPU
		{C1E52E6C-37E2-4203-B042-8CCDA2AB743D}.Debug|Any CPU.Build.0 = Debug|Any CPU
		{C1E52E6C-37E2-4203-B042-8CCDA2AB743D}.Release|Any CPU.ActiveCfg = Release|Any CPU
		{C1E52E6C-37E2-4203-B042-8CCDA2AB743D}.Release|Any CPU.Build.0 = Release|Any CPU
	EndGlobalSection
	GlobalSection(SolutionProperties) = preSolution
		HideSolutionNode = FALSE
	EndGlobalSection
	GlobalSection(ExtensibilityGlobals) = postSolution
		SolutionGuid = {EAF89040-5B3C-42DD-B022-B6FD16CE2D98}
	EndGlobalSection
EndGlobal
